
Microsoft Visual Studio Solution File, Format Version 12.00
# Visual Studio 15
VisualStudioVersion = 15.0.27130.2020
MinimumVisualStudioVersion = 10.0.40219.1
Project("{FAE04EC0-301F-11D3-BF4B-00C04F79EFBC}") = "UntabifyReplacement", "UntabifyReplacement\UntabifyReplacement.csproj", "{DC3205B4-31B6-46C4-935C-92366AC27C69}"
EndProject
Global
	GlobalSection(SolutionConfigurationPlatforms) = preSolution
		Debug|Any CPU = Debug|Any CPU
		Release|Any CPU = Release|Any CPU
	EndGlobalSection
	GlobalSection(ProjectConfigurationPlatforms) = postSolution
		{DC3205B4-31B6-46C4-935C-92366AC27C69}.Debug|Any CPU.ActiveCfg = Debug|Any CPU
		{DC3205B4-31B6-46C4-935C-92366AC27C69}.Debug|Any CPU.Build.0 = Debug|Any CPU
		{DC3205B4-31B6-46C4-935C-92366AC27C69}.Release|Any CPU.ActiveCfg = Release|Any CPU
		{DC3205B4-31B6-46C4-935C-92366AC27C69}.Release|Any CPU.Build.0 = Release|Any CPU
	EndGlobalSection
	GlobalSection(SolutionProperties) = preSolution
		HideSolutionNode = FALSE
	EndGlobalSection
	GlobalSection(ExtensibilityGlobals) = postSolution
		SolutionGuid = {991DE54B-819C-40A9-87AB-D1BE72C19386}
	EndGlobalSection
EndGlobal
